Microsoft Visual Studio Solution File, Format Version 12.00
# Visual Studio Version 17
VisualStudioVersion = 17.13.35919.96
MinimumVisualStudioVersion = 10.0.40219.1
Project("{FAE04EC0-301F-11D3-BF4B-00C04F79EFBC}") = "WebBanThuocBVTV", "WebBanThuocBVTV\WebBanThuocBVTV.csproj", "{ADFD9A46-6B99-4962-BED6-5753C5122AD4}"
EndProject
Global
	GlobalSection(SolutionConfigurationPlatforms) = preSolution
		Debug|Any CPU = Debug|Any CPU
		Release|Any CPU = Release|Any CPU
	EndGlobalSection
	GlobalSection(ProjectConfigurationPlatforms) = postSolution
		{ADFD9A46-6B99-4962-BED6-5753C5122AD4}.Debug|Any CPU.ActiveCfg = Debug|Any CPU
		{ADFD9A46-6B99-4962-BED6-5753C5122AD4}.Debug|Any CPU.Build.0 = Debug|Any CPU
		{ADFD9A46-6B99-4962-BED6-5753C5122AD4}.Release|Any CPU.ActiveCfg = Release|Any CPU
		{ADFD9A46-6B99-4962-BED6-5753C5122AD4}.Release|Any CPU.Build.0 = Release|Any CPU
	EndGlobalSection
	GlobalSection(SolutionProperties) = preSolution
		HideSolutionNode = FALSE
	EndGlobalSection
	GlobalSection(ExtensibilityGlobals) = postSolution
		SolutionGuid = {B4D0182C-43D8-4B3D-A6DA-008B5F7B59EB}
	EndGlobalSection
EndGlobal
